
Microsoft Visual Studio Solution File, Format Version 12.00
# Visual Studio Version 17
VisualStudioVersion = 17.5.33414.496
MinimumVisualStudioVersion = 10.0.40219.1
Project("{FAE04EC0-301F-11D3-BF4B-00C04F79EFBC}") = "DeKastAPI", "DeKastAPI\DeKastAPI.csproj", "{1A25F6F8-70D8-4D70-8099-2D77249AF8FD}"
EndProject
Global
	GlobalSection(SolutionConfigurationPlatforms) = preSolution
		Debug|Any CPU = Debug|Any CPU
		Release|Any CPU = Release|Any CPU
	EndGlobalSection
	GlobalSection(ProjectConfigurationPlatforms) = postSolution
		{1A25F6F8-70D8-4D70-8099-2D77249AF8FD}.Debug|Any CPU.ActiveCfg = Debug|Any CPU
		{1A25F6F8-70D8-4D70-8099-2D77249AF8FD}.Debug|Any CPU.Build.0 = Debug|Any CPU
		{1A25F6F8-70D8-4D70-8099-2D77249AF8FD}.Release|Any CPU.ActiveCfg = Release|Any CPU
		{1A25F6F8-70D8-4D70-8099-2D77249AF8FD}.Release|Any CPU.Build.0 = Release|Any CPU
	EndGlobalSection
	GlobalSection(SolutionProperties) = preSolution
		HideSolutionNode = FALSE
	EndGlobalSection
	GlobalSection(ExtensibilityGlobals) = postSolution
		SolutionGuid = {87462B89-E353-45DE-B6E6-D1E0FAFD4856}
	EndGlobalSection
EndGlobal
